lockfileVersion: '6.0'

settings:
  autoInstallPeers: true
  excludeLinksFromLockfile: false

dependencies:
  dingtalk-jsapi:
    specifier: ^3.0.25
    version: 3.0.25
  moment:
    specifier: ^2.29.4
    version: 2.29.4

packages:

  /dingtalk-jsapi@3.0.25:
    resolution: {integrity: sha512-l+q2lRzTCH/00DM2EZ+GKFiP/3TZHOupCM7rpG/hgrNpYkexGvF/O6yDI0XNqSMs8iFqWv9haCLOPf1nvCqB/w==}
    dependencies:
      promise-polyfill: 7.1.2
    dev: false

  /moment@2.29.4:
    resolution: {integrity: sha512-5LC9SOxjSc2HF6vO2CyuTDNivEdoz2IvyJJGj6X8DJ0eFyfszE0QiEd+iXmBvUP3WHxSjFH/vIsA0EN00cgr8w==}
    dev: false

  /promise-polyfill@7.1.2:
    resolution: {integrity: sha512-FuEc12/eKqqoRYIGBrUptCBRhobL19PS2U31vMNTfyck1FxPyMfgsXyW4Mav85y/ZN1hop3hOwRlUDok23oYfQ==}
    dev: false
